
Microsoft Visual Studio Solution File, Format Version 12.00
# Visual Studio Version 16
VisualStudioVersion = 16.0.31112.23
MinimumVisualStudioVersion = 10.0.40219.1
Project("{FAE04EC0-301F-11D3-BF4B-00C04F79EFBC}") = "EkengQuery.UI", "EkengQuery.UI\EkengQuery.UI.csproj", "{7FBD498E-CD4F-4EC8-A878-4CC7A8A4374E}"
EndProject
Global
	GlobalSection(SolutionConfigurationPlatforms) = preSolution
		Debug|Any CPU = Debug|Any CPU
		Release|Any CPU = Release|Any CPU
	EndGlobalSection
	GlobalSection(ProjectConfigurationPlatforms) = postSolution
		{7FBD498E-CD4F-4EC8-A878-4CC7A8A4374E}.Debug|Any CPU.ActiveCfg = Debug|Any CPU
		{7FBD498E-CD4F-4EC8-A878-4CC7A8A4374E}.Debug|Any CPU.Build.0 = Debug|Any CPU
		{7FBD498E-CD4F-4EC8-A878-4CC7A8A4374E}.Release|Any CPU.ActiveCfg = Release|Any CPU
		{7FBD498E-CD4F-4EC8-A878-4CC7A8A4374E}.Release|Any CPU.Build.0 = Release|Any CPU
	EndGlobalSection
	GlobalSection(SolutionProperties) = preSolution
		HideSolutionNode = FALSE
	EndGlobalSection
	GlobalSection(ExtensibilityGlobals) = postSolution
		SolutionGuid = {5FD7A216-FC47-4BD4-84AD-9AE8CDDF2E57}
	EndGlobalSection
EndGlobal
